
Microsoft Visual Studio Solution File, Format Version 12.00
# Visual Studio Version 16
VisualStudioVersion = 16.0.30128.74
MinimumVisualStudioVersion = 10.0.40219.1
Project("{9A19103F-16F7-4668-BE54-9A1E7A4F7556}") = "SensateIoT.Platform.Network.Contracts", "SensateIoT.Platform.Network.Contracts\SensateIoT.Platform.Network.Contracts.csproj", "{6BD51202-2FD5-4E6E-9BAA-6239E2C2E9D7}"
EndProject
Project("{2150E333-8FDC-42A3-9474-1A3956D46DE8}") = "Solution Items", "Solution Items", "{E0A0D3A9-F17C-4D4B-9C03-698C53ABCDB3}"
	ProjectSection(SolutionItems) = preProject
		.dockerignore = .dockerignore
		.editorconfig = .editorconfig
		.gitignore = .gitignore
		CHANGELOG.md = CHANGELOG.md
		CODE_OF_CONDUCT.md = CODE_OF_CONDUCT.md
		CODESTYLE.md = CODESTYLE.md
		CONTRIBUTING.md = CONTRIBUTING.md
		COPYING = COPYING
		README.md = README.md
		SECURITY.md = SECURITY.md
	EndProjectSection
EndProject
Project("{9A19103F-16F7-4668-BE54-9A1E7A4F7556}") = "SensateIoT.Platform.Network.Data", "SensateIoT.Platform.Network.Data\SensateIoT.Platform.Network.Data.csproj", "{C6258E1B-4A0F-4D00-B8CA-4A262F42ADB4}"
EndProject
Project("{9A19103F-16F7-4668-BE54-9A1E7A4F7556}") = "SensateIoT.Platform.Network.DataAccess", "SensateIoT.Platform.Network.DataAccess\SensateIoT.Platform.Network.DataAccess.csproj", "{C6A37203-9699-47AC-9EB6-F15B1EBBF01D}"
EndProject
Project("{9A19103F-16F7-4668-BE54-9A1E7A4F7556}") = "SensateIoT.Platform.Network.Common", "SensateIoT.Platform.Network.Common\SensateIoT.Platform.Network.Common.csproj", "{C6DF3F42-4160-49AD-B095-633573B3A655}"
EndProject
Project("{9A19103F-16F7-4668-BE54-9A1E7A4F7556}") = "SensateIoT.Platform.Network.Tests", "SensateIoT.Platform.Network.Tests\SensateIoT.Platform.Network.Tests.csproj", "{759F0161-8102-442B-9535-4620E2B75415}"
EndProject
Project("{9A19103F-16F7-4668-BE54-9A1E7A4F7556}") = "SensateIoT.Platform.Network.Router", "SensateIoT.Platform.Network.Router\SensateIoT.Platform.Network.Router.csproj", "{18250CDA-1A64-4C23-982C-1CD0C155A46A}"
EndProject
Project("{2150E333-8FDC-42A3-9474-1A3956D46DE8}") = "Pipelines", "Pipelines", "{0CD2E884-3DA9-485F-A729-93AC8627306F}"
	ProjectSection(SolutionItems) = preProject
		.github\workflows\docker-router.yml = .github\workflows\docker-router.yml
		.github\workflows\dotnet-format.yml = .github\workflows\dotnet-format.yml
		.github\workflows\unittest-network.yml = .github\workflows\unittest-network.yml
	EndProjectSection
EndProject
Global
	GlobalSection(SolutionConfigurationPlatforms) = preSolution
		Debug|Any CPU = Debug|Any CPU
		Release|Any CPU = Release|Any CPU
	EndGlobalSection
	GlobalSection(ProjectConfigurationPlatforms) = postSolution
		{6BD51202-2FD5-4E6E-9BAA-6239E2C2E9D7}.Debug|Any CPU.ActiveCfg = Debug|Any CPU
		{6BD51202-2FD5-4E6E-9BAA-6239E2C2E9D7}.Debug|Any CPU.Build.0 = Debug|Any CPU
		{6BD51202-2FD5-4E6E-9BAA-6239E2C2E9D7}.Release|Any CPU.ActiveCfg = Release|Any CPU
		{6BD51202-2FD5-4E6E-9BAA-6239E2C2E9D7}.Release|Any CPU.Build.0 = Release|Any CPU
		{C6258E1B-4A0F-4D00-B8CA-4A262F42ADB4}.Debug|Any CPU.ActiveCfg = Debug|Any CPU
		{C6258E1B-4A0F-4D00-B8CA-4A262F42ADB4}.Debug|Any CPU.Build.0 = Debug|Any CPU
		{C6258E1B-4A0F-4D00-B8CA-4A262F42ADB4}.Release|Any CPU.ActiveCfg = Release|Any CPU
		{C6258E1B-4A0F-4D00-B8CA-4A262F42ADB4}.Release|Any CPU.Build.0 = Release|Any CPU
		{C6A37203-9699-47AC-9EB6-F15B1EBBF01D}.Debug|Any CPU.ActiveCfg = Debug|Any CPU
		{C6A37203-9699-47AC-9EB6-F15B1EBBF01D}.Debug|Any CPU.Build.0 = Debug|Any CPU
		{C6A37203-9699-47AC-9EB6-F15B1EBBF01D}.Release|Any CPU.ActiveCfg = Release|Any CPU
		{C6A37203-9699-47AC-9EB6-F15B1EBBF01D}.Release|Any CPU.Build.0 = Release|Any CPU
		{C6DF3F42-4160-49AD-B095-633573B3A655}.Debug|Any CPU.ActiveCfg = Debug|Any CPU
		{C6DF3F42-4160-49AD-B095-633573B3A655}.Debug|Any CPU.Build.0 = Debug|Any CPU
		{C6DF3F42-4160-49AD-B095-633573B3A655}.Release|Any CPU.ActiveCfg = Release|Any CPU
		{C6DF3F42-4160-49AD-B095-633573B3A655}.Release|Any CPU.Build.0 = Release|Any CPU
		{759F0161-8102-442B-9535-4620E2B75415}.Debug|Any CPU.ActiveCfg = Debug|Any CPU
		{759F0161-8102-442B-9535-4620E2B75415}.Debug|Any CPU.Build.0 = Debug|Any CPU
		{759F0161-8102-442B-9535-4620E2B75415}.Release|Any CPU.ActiveCfg = Release|Any CPU
		{759F0161-8102-442B-9535-4620E2B75415}.Release|Any CPU.Build.0 = Release|Any CPU
		{18250CDA-1A64-4C23-982C-1CD0C155A46A}.Debug|Any CPU.ActiveCfg = Debug|Any CPU
		{18250CDA-1A64-4C23-982C-1CD0C155A46A}.Debug|Any CPU.Build.0 = Debug|Any CPU
		{18250CDA-1A64-4C23-982C-1CD0C155A46A}.Release|Any CPU.ActiveCfg = Release|Any CPU
		{18250CDA-1A64-4C23-982C-1CD0C155A46A}.Release|Any CPU.Build.0 = Release|Any CPU
	EndGlobalSection
	GlobalSection(SolutionProperties) = preSolution
		HideSolutionNode = FALSE
	EndGlobalSection
	GlobalSection(ExtensibilityGlobals) = postSolution
		SolutionGuid = {7436C576-E465-4291-A0C2-5D4C9C6F706F}
	EndGlobalSection
EndGlobal
