Microsoft Visual Studio Solution File, Format Version 12.00
# Visual Studio 15
VisualStudioVersion = 15.0.26124.0
MinimumVisualStudioVersion = 15.0.26124.0
Project("{9A19103F-16F7-4668-BE54-9A1E7A4F7556}") = "Auth", "Auth\Auth.csproj", "{C41C96C6-18AD-4801-8DFF-D3BE09522517}"
EndProject
Project("{9A19103F-16F7-4668-BE54-9A1E7A4F7556}") = "Tests", "Tests\Tests.csproj", "{3744E1B4-181C-4634-BD13-ECF68842034C}"
EndProject
Project("{9A19103F-16F7-4668-BE54-9A1E7A4F7556}") = "Core", "Core\Core.csproj", "{C9A2C1FE-9179-45B9-ABDE-3336DD80A60B}"
EndProject
Project("{9A19103F-16F7-4668-BE54-9A1E7A4F7556}") = "MqttHandler", "MqttHandler\MqttHandler.csproj", "{8D55A3E7-8E0E-4ABB-ADEA-FFD157E9D095}"
EndProject
Project("{9A19103F-16F7-4668-BE54-9A1E7A4F7556}") = "Setup", "Setup\Setup.csproj", "{AE713298-9C5F-483D-B4BE-D335BA63B0A2}"
EndProject
Project("{9A19103F-16F7-4668-BE54-9A1E7A4F7556}") = "DatabaseTool", "DatabaseTool\DatabaseTool.csproj", "{5394032A-FBF9-40BD-B92A-87686B3D7B72}"
EndProject
Project("{FAE04EC0-301F-11D3-BF4B-00C04F79EFBC}") = "Core.Api", "Core.Api\Core.Api.csproj", "{84CAF4A2-7719-492B-B947-21051C76635E}"
EndProject
Global
	GlobalSection(SolutionConfigurationPlatforms) = preSolution
		Debug|Any CPU = Debug|Any CPU
		Debug|x64 = Debug|x64
		Debug|x86 = Debug|x86
		Release|Any CPU = Release|Any CPU
		Release|x64 = Release|x64
		Release|x86 = Release|x86
	EndGlobalSection
	GlobalSection(ProjectConfigurationPlatforms) = postSolution
		{C41C96C6-18AD-4801-8DFF-D3BE09522517}.Debug|Any CPU.ActiveCfg = Debug|Any CPU
		{C41C96C6-18AD-4801-8DFF-D3BE09522517}.Debug|Any CPU.Build.0 = Debug|Any CPU
		{C41C96C6-18AD-4801-8DFF-D3BE09522517}.Debug|x64.ActiveCfg = Debug|Any CPU
		{C41C96C6-18AD-4801-8DFF-D3BE09522517}.Debug|x64.Build.0 = Debug|Any CPU
		{C41C96C6-18AD-4801-8DFF-D3BE09522517}.Debug|x86.ActiveCfg = Debug|Any CPU
		{C41C96C6-18AD-4801-8DFF-D3BE09522517}.Debug|x86.Build.0 = Debug|Any CPU
		{C41C96C6-18AD-4801-8DFF-D3BE09522517}.Release|Any CPU.ActiveCfg = Release|Any CPU
		{C41C96C6-18AD-4801-8DFF-D3BE09522517}.Release|Any CPU.Build.0 = Release|Any CPU
		{C41C96C6-18AD-4801-8DFF-D3BE09522517}.Release|x64.ActiveCfg = Release|Any CPU
		{C41C96C6-18AD-4801-8DFF-D3BE09522517}.Release|x64.Build.0 = Release|Any CPU
		{C41C96C6-18AD-4801-8DFF-D3BE09522517}.Release|x86.ActiveCfg = Release|Any CPU
		{C41C96C6-18AD-4801-8DFF-D3BE09522517}.Release|x86.Build.0 = Release|Any CPU
		{3744E1B4-181C-4634-BD13-ECF68842034C}.Debug|Any CPU.ActiveCfg = Debug|Any CPU
		{3744E1B4-181C-4634-BD13-ECF68842034C}.Debug|Any CPU.Build.0 = Debug|Any CPU
		{3744E1B4-181C-4634-BD13-ECF68842034C}.Debug|x64.ActiveCfg = Debug|Any CPU
		{3744E1B4-181C-4634-BD13-ECF68842034C}.Debug|x64.Build.0 = Debug|Any CPU
		{3744E1B4-181C-4634-BD13-ECF68842034C}.Debug|x86.ActiveCfg = Debug|Any CPU
		{3744E1B4-181C-4634-BD13-ECF68842034C}.Debug|x86.Build.0 = Debug|Any CPU
		{3744E1B4-181C-4634-BD13-ECF68842034C}.Release|Any CPU.ActiveCfg = Release|Any CPU
		{3744E1B4-181C-4634-BD13-ECF68842034C}.Release|Any CPU.Build.0 = Release|Any CPU
		{3744E1B4-181C-4634-BD13-ECF68842034C}.Release|x64.ActiveCfg = Release|Any CPU
		{3744E1B4-181C-4634-BD13-ECF68842034C}.Release|x64.Build.0 = Release|Any CPU
		{3744E1B4-181C-4634-BD13-ECF68842034C}.Release|x86.ActiveCfg = Release|Any CPU
		{3744E1B4-181C-4634-BD13-ECF68842034C}.Release|x86.Build.0 = Release|Any CPU
		{C9A2C1FE-9179-45B9-ABDE-3336DD80A60B}.Debug|Any CPU.ActiveCfg = Debug|Any CPU
		{C9A2C1FE-9179-45B9-ABDE-3336DD80A60B}.Debug|Any CPU.Build.0 = Debug|Any CPU
		{C9A2C1FE-9179-45B9-ABDE-3336DD80A60B}.Debug|x64.ActiveCfg = Debug|Any CPU
		{C9A2C1FE-9179-45B9-ABDE-3336DD80A60B}.Debug|x64.Build.0 = Debug|Any CPU
		{C9A2C1FE-9179-45B9-ABDE-3336DD80A60B}.Debug|x86.ActiveCfg = Debug|Any CPU
		{C9A2C1FE-9179-45B9-ABDE-3336DD80A60B}.Debug|x86.Build.0 = Debug|Any CPU
		{C9A2C1FE-9179-45B9-ABDE-3336DD80A60B}.Release|Any CPU.ActiveCfg = Release|Any CPU
		{C9A2C1FE-9179-45B9-ABDE-3336DD80A60B}.Release|Any CPU.Build.0 = Release|Any CPU
		{C9A2C1FE-9179-45B9-ABDE-3336DD80A60B}.Release|x64.ActiveCfg = Release|Any CPU
		{C9A2C1FE-9179-45B9-ABDE-3336DD80A60B}.Release|x64.Build.0 = Release|Any CPU
		{C9A2C1FE-9179-45B9-ABDE-3336DD80A60B}.Release|x86.ActiveCfg = Release|Any CPU
		{C9A2C1FE-9179-45B9-ABDE-3336DD80A60B}.Release|x86.Build.0 = Release|Any CPU
		{8D55A3E7-8E0E-4ABB-ADEA-FFD157E9D095}.Debug|Any CPU.ActiveCfg = Debug|Any CPU
		{8D55A3E7-8E0E-4ABB-ADEA-FFD157E9D095}.Debug|Any CPU.Build.0 = Debug|Any CPU
		{8D55A3E7-8E0E-4ABB-ADEA-FFD157E9D095}.Debug|x64.ActiveCfg = Debug|Any CPU
		{8D55A3E7-8E0E-4ABB-ADEA-FFD157E9D095}.Debug|x64.Build.0 = Debug|Any CPU
		{8D55A3E7-8E0E-4ABB-ADEA-FFD157E9D095}.Debug|x86.ActiveCfg = Debug|Any CPU
		{8D55A3E7-8E0E-4ABB-ADEA-FFD157E9D095}.Debug|x86.Build.0 = Debug|Any CPU
		{8D55A3E7-8E0E-4ABB-ADEA-FFD157E9D095}.Release|Any CPU.ActiveCfg = Release|Any CPU
		{8D55A3E7-8E0E-4ABB-ADEA-FFD157E9D095}.Release|Any CPU.Build.0 = Release|Any CPU
		{8D55A3E7-8E0E-4ABB-ADEA-FFD157E9D095}.Release|x64.ActiveCfg = Release|Any CPU
		{8D55A3E7-8E0E-4ABB-ADEA-FFD157E9D095}.Release|x64.Build.0 = Release|Any CPU
		{8D55A3E7-8E0E-4ABB-ADEA-FFD157E9D095}.Release|x86.ActiveCfg = Release|Any CPU
		{8D55A3E7-8E0E-4ABB-ADEA-FFD157E9D095}.Release|x86.Build.0 = Release|Any CPU
		{AE713298-9C5F-483D-B4BE-D335BA63B0A2}.Debug|Any CPU.ActiveCfg = Debug|Any CPU
		{AE713298-9C5F-483D-B4BE-D335BA63B0A2}.Debug|Any CPU.Build.0 = Debug|Any CPU
		{AE713298-9C5F-483D-B4BE-D335BA63B0A2}.Debug|x64.ActiveCfg = Debug|Any CPU
		{AE713298-9C5F-483D-B4BE-D335BA63B0A2}.Debug|x64.Build.0 = Debug|Any CPU
		{AE713298-9C5F-483D-B4BE-D335BA63B0A2}.Debug|x86.ActiveCfg = Debug|Any CPU
		{AE713298-9C5F-483D-B4BE-D335BA63B0A2}.Debug|x86.Build.0 = Debug|Any CPU
		{AE713298-9C5F-483D-B4BE-D335BA63B0A2}.Release|Any CPU.ActiveCfg = Release|Any CPU
		{AE713298-9C5F-483D-B4BE-D335BA63B0A2}.Release|Any CPU.Build.0 = Release|Any CPU
		{AE713298-9C5F-483D-B4BE-D335BA63B0A2}.Release|x64.ActiveCfg = Release|Any CPU
		{AE713298-9C5F-483D-B4BE-D335BA63B0A2}.Release|x64.Build.0 = Release|Any CPU
		{AE713298-9C5F-483D-B4BE-D335BA63B0A2}.Release|x86.ActiveCfg = Release|Any CPU
		{AE713298-9C5F-483D-B4BE-D335BA63B0A2}.Release|x86.Build.0 = Release|Any CPU
		{5394032A-FBF9-40BD-B92A-87686B3D7B72}.Debug|Any CPU.ActiveCfg = Debug|Any CPU
		{5394032A-FBF9-40BD-B92A-87686B3D7B72}.Debug|Any CPU.Build.0 = Debug|Any CPU
		{5394032A-FBF9-40BD-B92A-87686B3D7B72}.Debug|x64.ActiveCfg = Debug|Any CPU
		{5394032A-FBF9-40BD-B92A-87686B3D7B72}.Debug|x64.Build.0 = Debug|Any CPU
		{5394032A-FBF9-40BD-B92A-87686B3D7B72}.Debug|x86.ActiveCfg = Debug|Any CPU
		{5394032A-FBF9-40BD-B92A-87686B3D7B72}.Debug|x86.Build.0 = Debug|Any CPU
		{5394032A-FBF9-40BD-B92A-87686B3D7B72}.Release|Any CPU.ActiveCfg = Release|Any CPU
		{5394032A-FBF9-40BD-B92A-87686B3D7B72}.Release|Any CPU.Build.0 = Release|Any CPU
		{5394032A-FBF9-40BD-B92A-87686B3D7B72}.Release|x64.ActiveCfg = Release|Any CPU
		{5394032A-FBF9-40BD-B92A-87686B3D7B72}.Release|x64.Build.0 = Release|Any CPU
		{5394032A-FBF9-40BD-B92A-87686B3D7B72}.Release|x86.ActiveCfg = Release|Any CPU
		{5394032A-FBF9-40BD-B92A-87686B3D7B72}.Release|x86.Build.0 = Release|Any CPU
		{84CAF4A2-7719-492B-B947-21051C76635E}.Debug|Any CPU.ActiveCfg = Debug|Any CPU
		{84CAF4A2-7719-492B-B947-21051C76635E}.Debug|Any CPU.Build.0 = Debug|Any CPU
		{84CAF4A2-7719-492B-B947-21051C76635E}.Debug|x64.ActiveCfg = Debug|Any CPU
		{84CAF4A2-7719-492B-B947-21051C76635E}.Debug|x64.Build.0 = Debug|Any CPU
		{84CAF4A2-7719-492B-B947-21051C76635E}.Debug|x86.ActiveCfg = Debug|Any CPU
		{84CAF4A2-7719-492B-B947-21051C76635E}.Debug|x86.Build.0 = Debug|Any CPU
		{84CAF4A2-7719-492B-B947-21051C76635E}.Release|Any CPU.ActiveCfg = Release|Any CPU
		{84CAF4A2-7719-492B-B947-21051C76635E}.Release|Any CPU.Build.0 = Release|Any CPU
		{84CAF4A2-7719-492B-B947-21051C76635E}.Release|x64.ActiveCfg = Release|Any CPU
		{84CAF4A2-7719-492B-B947-21051C76635E}.Release|x64.Build.0 = Release|Any CPU
		{84CAF4A2-7719-492B-B947-21051C76635E}.Release|x86.ActiveCfg = Release|Any CPU
		{84CAF4A2-7719-492B-B947-21051C76635E}.Release|x86.Build.0 = Release|Any CPU
	EndGlobalSection
	GlobalSection(SolutionProperties) = preSolution
		HideSolutionNode = FALSE
	EndGlobalSection
	GlobalSection(ExtensibilityGlobals) = postSolution
		SolutionGuid = {8CB7510B-51E8-41FF-ABFE-2D19A310D3C1}
	EndGlobalSection
EndGlobal
