
Microsoft Visual Studio Solution File, Format Version 12.00
# Visual Studio 15
VisualStudioVersion = 15.0.26124.0
MinimumVisualStudioVersion = 15.0.26124.0
Project("{FAE04EC0-301F-11D3-BF4B-00C04F79EFBC}") = "sensate-service", "sensate-service\sensate-service.csproj", "{0D2F5BB4-772F-4199-A116-869309BFE3F5}"
EndProject
Global
	GlobalSection(SolutionConfigurationPlatforms) = preSolution
		Debug|Any CPU = Debug|Any CPU
		Debug|x64 = Debug|x64
		Debug|x86 = Debug|x86
		Release|Any CPU = Release|Any CPU
		Release|x64 = Release|x64
		Release|x86 = Release|x86
	EndGlobalSection
	GlobalSection(SolutionProperties) = preSolution
		HideSolutionNode = FALSE
	EndGlobalSection
	GlobalSection(ProjectConfigurationPlatforms) = postSolution
		{0D2F5BB4-772F-4199-A116-869309BFE3F5}.Debug|Any CPU.ActiveCfg = Debug|Any CPU
		{0D2F5BB4-772F-4199-A116-869309BFE3F5}.Debug|Any CPU.Build.0 = Debug|Any CPU
		{0D2F5BB4-772F-4199-A116-869309BFE3F5}.Debug|x64.ActiveCfg = Debug|x64
		{0D2F5BB4-772F-4199-A116-869309BFE3F5}.Debug|x64.Build.0 = Debug|x64
		{0D2F5BB4-772F-4199-A116-869309BFE3F5}.Debug|x86.ActiveCfg = Debug|x86
		{0D2F5BB4-772F-4199-A116-869309BFE3F5}.Debug|x86.Build.0 = Debug|x86
		{0D2F5BB4-772F-4199-A116-869309BFE3F5}.Release|Any CPU.ActiveCfg = Release|Any CPU
		{0D2F5BB4-772F-4199-A116-869309BFE3F5}.Release|Any CPU.Build.0 = Release|Any CPU
		{0D2F5BB4-772F-4199-A116-869309BFE3F5}.Release|x64.ActiveCfg = Release|x64
		{0D2F5BB4-772F-4199-A116-869309BFE3F5}.Release|x64.Build.0 = Release|x64
		{0D2F5BB4-772F-4199-A116-869309BFE3F5}.Release|x86.ActiveCfg = Release|x86
		{0D2F5BB4-772F-4199-A116-869309BFE3F5}.Release|x86.Build.0 = Release|x86
	EndGlobalSection
EndGlobal
