Microsoft Visual Studio Solution File, Format Version 12.00
# Visual Studio Version 16
VisualStudioVersion = 16.0.29709.97
MinimumVisualStudioVersion = 15.0.26124.0
Project("{9A19103F-16F7-4668-BE54-9A1E7A4F7556}") = "SensateService.Api.AuthApi", "Api\SensateService.Api.AuthApi\SensateService.Api.AuthApi.csproj", "{C41C96C6-18AD-4801-8DFF-D3BE09522517}"
EndProject
Project("{9A19103F-16F7-4668-BE54-9A1E7A4F7556}") = "SensateService.Common.Core", "Common\SensateService.Common.Core\SensateService.Common.Core.csproj", "{C9A2C1FE-9179-45B9-ABDE-3336DD80A60B}"
EndProject
Project("{9A19103F-16F7-4668-BE54-9A1E7A4F7556}") = "SensateService.Processing.StorageClient", "Processing\SensateService.Processing.StorageClient\SensateService.Processing.StorageClient.csproj", "{8D55A3E7-8E0E-4ABB-ADEA-FFD157E9D095}"
EndProject
Project("{9A19103F-16F7-4668-BE54-9A1E7A4F7556}") = "SensateService.Common.SqlSetup", "Common\SensateService.Common.SqlSetup\SensateService.Common.SqlSetup.csproj", "{AE713298-9C5F-483D-B4BE-D335BA63B0A2}"
EndProject
Project("{9A19103F-16F7-4668-BE54-9A1E7A4F7556}") = "SensateService.Common.ApiCore", "Common\SensateService.Common.ApiCore\SensateService.Common.ApiCore.csproj", "{84CAF4A2-7719-492B-B947-21051C76635E}"
EndProject
Project("{9A19103F-16F7-4668-BE54-9A1E7A4F7556}") = "SensateService.Ingress.WebSocketHandler", "Ingress\SensateService.Ingress.WebSocketHandler\SensateService.Ingress.WebSocketHandler.csproj", "{D68B15B0-B7AB-4A54-9925-3F9554DAA7A0}"
EndProject
Project("{9092AA53-FB77-4645-B42D-1CCCA6BD08BD}") = "SensateService.Processing.LiveDataHandler", "Processing\SensateService.Processing.LiveDataHandler\SensateService.Processing.LiveDataHandler.njsproj", "{74A74F73-F76A-40F1-9D73-6B8D4A143F91}"
EndProject
Project("{9A19103F-16F7-4668-BE54-9A1E7A4F7556}") = "SensateService.Api.DashboardApi", "Api\SensateService.Api.DashboardApi\SensateService.Api.DashboardApi.csproj", "{F598D3EB-A33F-42A5-BEBC-E460046C4682}"
EndProject
Project("{9A19103F-16F7-4668-BE54-9A1E7A4F7556}") = "SensateService.Api.DataApi", "Api\SensateService.Api.DataApi\SensateService.Api.DataApi.csproj", "{4982C307-2FFB-4561-8A4A-E7E856A51DA6}"
EndProject
Project("{9A19103F-16F7-4668-BE54-9A1E7A4F7556}") = "SensateService.Processing.TriggerHandler", "Processing\SensateService.Processing.TriggerHandler\SensateService.Processing.TriggerHandler.csproj", "{D8AE4969-D915-4CCF-B406-392836A921F6}"
EndProject
Project("{9A19103F-16F7-4668-BE54-9A1E7A4F7556}") = "SensateService.Api.NetworkApi", "Api\SensateService.Api.NetworkApi\SensateService.Api.NetworkApi.csproj", "{4821D2CB-F6BF-42CB-9956-3A14D4D33C83}"
EndProject
Project("{9A19103F-16F7-4668-BE54-9A1E7A4F7556}") = "SensateService.Api.BlobApi", "Api\SensateService.Api.BlobApi\SensateService.Api.BlobApi.csproj", "{6D192F06-FB6B-4B22-9637-6E56ED753556}"
EndProject
Project("{9A19103F-16F7-4668-BE54-9A1E7A4F7556}") = "SensateService.Ingress.MqttHandler", "Ingress\SensateService.Ingress.MqttHandler\SensateService.Ingress.MqttHandler.csproj", "{3ED9C802-AFE4-4145-A2C5-39F267A8D6CA}"
EndProject
Project("{9A19103F-16F7-4668-BE54-9A1E7A4F7556}") = "SensateService.Common.Data", "Common\SensateService.Common.Models\SensateService.Common.Data.csproj", "{37980107-749E-478C-A1A2-F0D7D7614D5A}"
EndProject
Project("{9A19103F-16F7-4668-BE54-9A1E7A4F7556}") = "SensateService.Common.IdentityData", "Common\SensateService.Common.IdentityData\SensateService.Common.IdentityData.csproj", "{62A638EA-9A81-4FBF-83E0-AA57D04BACC8}"
EndProject
Project("{9A19103F-16F7-4668-BE54-9A1E7A4F7556}") = "SensateService.Common.Caching", "Common\SensateService.Common.Caching\SensateService.Common.Caching.csproj", "{7615D809-4E95-4637-A592-52670ECB5E70}"
EndProject
Project("{9A19103F-16F7-4668-BE54-9A1E7A4F7556}") = "SensateService.Common.Caching.Tests", "Common\SensateService.Common.Caching.Tests\SensateService.Common.Caching.Tests.csproj", "{0A123E18-0244-44FA-A570-C640B9386B8A}"
EndProject
Project("{2150E333-8FDC-42A3-9474-1A3956D46DE8}") = "Solution Items", "Solution Items", "{83AEE0FA-863A-417E-B346-764AD5A936EC}"
	ProjectSection(SolutionItems) = preProject
		.editorconfig = .editorconfig
		docker-compose-dev.yaml = docker-compose-dev.yaml
		docker-compose-staging.yaml = docker-compose-staging.yaml
		README.md = README.md
	EndProjectSection
EndProject
Project("{9A19103F-16F7-4668-BE54-9A1E7A4F7556}") = "SensateService.Common.Caching.LoadTest", "Common\SensateService.Common.Caching.LoadTest\SensateService.Common.Caching.LoadTest.csproj", "{8655ACD4-A9B3-42FE-A2B9-5FAD707ACCD5}"
EndProject
Project("{9A19103F-16F7-4668-BE54-9A1E7A4F7556}") = "SensateService.Common.Config", "Common\SensateService.Common.Config\SensateService.Common.Config.csproj", "{3D5A2F38-5646-4B1F-BC9C-D7B55AF90CFF}"
EndProject
Global
	GlobalSection(SolutionConfigurationPlatforms) = preSolution
		Debug|Any CPU = Debug|Any CPU
		Debug|ARM = Debug|ARM
		Debug|x64 = Debug|x64
		Debug|x86 = Debug|x86
		Release|Any CPU = Release|Any CPU
		Release|ARM = Release|ARM
		Release|x64 = Release|x64
		Release|x86 = Release|x86
	EndGlobalSection
	GlobalSection(ProjectConfigurationPlatforms) = postSolution
		{C41C96C6-18AD-4801-8DFF-D3BE09522517}.Debug|Any CPU.ActiveCfg = Debug|Any CPU
		{C41C96C6-18AD-4801-8DFF-D3BE09522517}.Debug|Any CPU.Build.0 = Debug|Any CPU
		{C41C96C6-18AD-4801-8DFF-D3BE09522517}.Debug|ARM.ActiveCfg = Debug|Any CPU
		{C41C96C6-18AD-4801-8DFF-D3BE09522517}.Debug|ARM.Build.0 = Debug|Any CPU
		{C41C96C6-18AD-4801-8DFF-D3BE09522517}.Debug|x64.ActiveCfg = Debug|Any CPU
		{C41C96C6-18AD-4801-8DFF-D3BE09522517}.Debug|x64.Build.0 = Debug|Any CPU
		{C41C96C6-18AD-4801-8DFF-D3BE09522517}.Debug|x86.ActiveCfg = Debug|Any CPU
		{C41C96C6-18AD-4801-8DFF-D3BE09522517}.Debug|x86.Build.0 = Debug|Any CPU
		{C41C96C6-18AD-4801-8DFF-D3BE09522517}.Release|Any CPU.ActiveCfg = Release|Any CPU
		{C41C96C6-18AD-4801-8DFF-D3BE09522517}.Release|Any CPU.Build.0 = Release|Any CPU
		{C41C96C6-18AD-4801-8DFF-D3BE09522517}.Release|ARM.ActiveCfg = Release|Any CPU
		{C41C96C6-18AD-4801-8DFF-D3BE09522517}.Release|ARM.Build.0 = Release|Any CPU
		{C41C96C6-18AD-4801-8DFF-D3BE09522517}.Release|x64.ActiveCfg = Release|Any CPU
		{C41C96C6-18AD-4801-8DFF-D3BE09522517}.Release|x64.Build.0 = Release|Any CPU
		{C41C96C6-18AD-4801-8DFF-D3BE09522517}.Release|x86.ActiveCfg = Release|Any CPU
		{C41C96C6-18AD-4801-8DFF-D3BE09522517}.Release|x86.Build.0 = Release|Any CPU
		{C9A2C1FE-9179-45B9-ABDE-3336DD80A60B}.Debug|Any CPU.ActiveCfg = Debug|Any CPU
		{C9A2C1FE-9179-45B9-ABDE-3336DD80A60B}.Debug|Any CPU.Build.0 = Debug|Any CPU
		{C9A2C1FE-9179-45B9-ABDE-3336DD80A60B}.Debug|ARM.ActiveCfg = Debug|Any CPU
		{C9A2C1FE-9179-45B9-ABDE-3336DD80A60B}.Debug|ARM.Build.0 = Debug|Any CPU
		{C9A2C1FE-9179-45B9-ABDE-3336DD80A60B}.Debug|x64.ActiveCfg = Debug|Any CPU
		{C9A2C1FE-9179-45B9-ABDE-3336DD80A60B}.Debug|x64.Build.0 = Debug|Any CPU
		{C9A2C1FE-9179-45B9-ABDE-3336DD80A60B}.Debug|x86.ActiveCfg = Debug|Any CPU
		{C9A2C1FE-9179-45B9-ABDE-3336DD80A60B}.Debug|x86.Build.0 = Debug|Any CPU
		{C9A2C1FE-9179-45B9-ABDE-3336DD80A60B}.Release|Any CPU.ActiveCfg = Release|Any CPU
		{C9A2C1FE-9179-45B9-ABDE-3336DD80A60B}.Release|Any CPU.Build.0 = Release|Any CPU
		{C9A2C1FE-9179-45B9-ABDE-3336DD80A60B}.Release|ARM.ActiveCfg = Release|Any CPU
		{C9A2C1FE-9179-45B9-ABDE-3336DD80A60B}.Release|ARM.Build.0 = Release|Any CPU
		{C9A2C1FE-9179-45B9-ABDE-3336DD80A60B}.Release|x64.ActiveCfg = Release|Any CPU
		{C9A2C1FE-9179-45B9-ABDE-3336DD80A60B}.Release|x64.Build.0 = Release|Any CPU
		{C9A2C1FE-9179-45B9-ABDE-3336DD80A60B}.Release|x86.ActiveCfg = Release|Any CPU
		{C9A2C1FE-9179-45B9-ABDE-3336DD80A60B}.Release|x86.Build.0 = Release|Any CPU
		{8D55A3E7-8E0E-4ABB-ADEA-FFD157E9D095}.Debug|Any CPU.ActiveCfg = Debug|Any CPU
		{8D55A3E7-8E0E-4ABB-ADEA-FFD157E9D095}.Debug|Any CPU.Build.0 = Debug|Any CPU
		{8D55A3E7-8E0E-4ABB-ADEA-FFD157E9D095}.Debug|ARM.ActiveCfg = Debug|Any CPU
		{8D55A3E7-8E0E-4ABB-ADEA-FFD157E9D095}.Debug|ARM.Build.0 = Debug|Any CPU
		{8D55A3E7-8E0E-4ABB-ADEA-FFD157E9D095}.Debug|x64.ActiveCfg = Debug|Any CPU
		{8D55A3E7-8E0E-4ABB-ADEA-FFD157E9D095}.Debug|x64.Build.0 = Debug|Any CPU
		{8D55A3E7-8E0E-4ABB-ADEA-FFD157E9D095}.Debug|x86.ActiveCfg = Debug|Any CPU
		{8D55A3E7-8E0E-4ABB-ADEA-FFD157E9D095}.Debug|x86.Build.0 = Debug|Any CPU
		{8D55A3E7-8E0E-4ABB-ADEA-FFD157E9D095}.Release|Any CPU.ActiveCfg = Release|Any CPU
		{8D55A3E7-8E0E-4ABB-ADEA-FFD157E9D095}.Release|Any CPU.Build.0 = Release|Any CPU
		{8D55A3E7-8E0E-4ABB-ADEA-FFD157E9D095}.Release|ARM.ActiveCfg = Release|Any CPU
		{8D55A3E7-8E0E-4ABB-ADEA-FFD157E9D095}.Release|ARM.Build.0 = Release|Any CPU
		{8D55A3E7-8E0E-4ABB-ADEA-FFD157E9D095}.Release|x64.ActiveCfg = Release|Any CPU
		{8D55A3E7-8E0E-4ABB-ADEA-FFD157E9D095}.Release|x64.Build.0 = Release|Any CPU
		{8D55A3E7-8E0E-4ABB-ADEA-FFD157E9D095}.Release|x86.ActiveCfg = Release|Any CPU
		{8D55A3E7-8E0E-4ABB-ADEA-FFD157E9D095}.Release|x86.Build.0 = Release|Any CPU
		{AE713298-9C5F-483D-B4BE-D335BA63B0A2}.Debug|Any CPU.ActiveCfg = Debug|Any CPU
		{AE713298-9C5F-483D-B4BE-D335BA63B0A2}.Debug|Any CPU.Build.0 = Debug|Any CPU
		{AE713298-9C5F-483D-B4BE-D335BA63B0A2}.Debug|ARM.ActiveCfg = Debug|Any CPU
		{AE713298-9C5F-483D-B4BE-D335BA63B0A2}.Debug|ARM.Build.0 = Debug|Any CPU
		{AE713298-9C5F-483D-B4BE-D335BA63B0A2}.Debug|x64.ActiveCfg = Debug|Any CPU
		{AE713298-9C5F-483D-B4BE-D335BA63B0A2}.Debug|x64.Build.0 = Debug|Any CPU
		{AE713298-9C5F-483D-B4BE-D335BA63B0A2}.Debug|x86.ActiveCfg = Debug|Any CPU
		{AE713298-9C5F-483D-B4BE-D335BA63B0A2}.Debug|x86.Build.0 = Debug|Any CPU
		{AE713298-9C5F-483D-B4BE-D335BA63B0A2}.Release|Any CPU.ActiveCfg = Release|Any CPU
		{AE713298-9C5F-483D-B4BE-D335BA63B0A2}.Release|Any CPU.Build.0 = Release|Any CPU
		{AE713298-9C5F-483D-B4BE-D335BA63B0A2}.Release|ARM.ActiveCfg = Release|Any CPU
		{AE713298-9C5F-483D-B4BE-D335BA63B0A2}.Release|ARM.Build.0 = Release|Any CPU
		{AE713298-9C5F-483D-B4BE-D335BA63B0A2}.Release|x64.ActiveCfg = Release|Any CPU
		{AE713298-9C5F-483D-B4BE-D335BA63B0A2}.Release|x64.Build.0 = Release|Any CPU
		{AE713298-9C5F-483D-B4BE-D335BA63B0A2}.Release|x86.ActiveCfg = Release|Any CPU
		{AE713298-9C5F-483D-B4BE-D335BA63B0A2}.Release|x86.Build.0 = Release|Any CPU
		{84CAF4A2-7719-492B-B947-21051C76635E}.Debug|Any CPU.ActiveCfg = Debug|Any CPU
		{84CAF4A2-7719-492B-B947-21051C76635E}.Debug|Any CPU.Build.0 = Debug|Any CPU
		{84CAF4A2-7719-492B-B947-21051C76635E}.Debug|ARM.ActiveCfg = Debug|Any CPU
		{84CAF4A2-7719-492B-B947-21051C76635E}.Debug|ARM.Build.0 = Debug|Any CPU
		{84CAF4A2-7719-492B-B947-21051C76635E}.Debug|x64.ActiveCfg = Debug|Any CPU
		{84CAF4A2-7719-492B-B947-21051C76635E}.Debug|x64.Build.0 = Debug|Any CPU
		{84CAF4A2-7719-492B-B947-21051C76635E}.Debug|x86.ActiveCfg = Debug|Any CPU
		{84CAF4A2-7719-492B-B947-21051C76635E}.Debug|x86.Build.0 = Debug|Any CPU
		{84CAF4A2-7719-492B-B947-21051C76635E}.Release|Any CPU.ActiveCfg = Release|Any CPU
		{84CAF4A2-7719-492B-B947-21051C76635E}.Release|Any CPU.Build.0 = Release|Any CPU
		{84CAF4A2-7719-492B-B947-21051C76635E}.Release|ARM.ActiveCfg = Release|Any CPU
		{84CAF4A2-7719-492B-B947-21051C76635E}.Release|ARM.Build.0 = Release|Any CPU
		{84CAF4A2-7719-492B-B947-21051C76635E}.Release|x64.ActiveCfg = Release|Any CPU
		{84CAF4A2-7719-492B-B947-21051C76635E}.Release|x64.Build.0 = Release|Any CPU
		{84CAF4A2-7719-492B-B947-21051C76635E}.Release|x86.ActiveCfg = Release|Any CPU
		{84CAF4A2-7719-492B-B947-21051C76635E}.Release|x86.Build.0 = Release|Any CPU
		{D68B15B0-B7AB-4A54-9925-3F9554DAA7A0}.Debug|Any CPU.ActiveCfg = Debug|Any CPU
		{D68B15B0-B7AB-4A54-9925-3F9554DAA7A0}.Debug|Any CPU.Build.0 = Debug|Any CPU
		{D68B15B0-B7AB-4A54-9925-3F9554DAA7A0}.Debug|ARM.ActiveCfg = Debug|Any CPU
		{D68B15B0-B7AB-4A54-9925-3F9554DAA7A0}.Debug|ARM.Build.0 = Debug|Any CPU
		{D68B15B0-B7AB-4A54-9925-3F9554DAA7A0}.Debug|x64.ActiveCfg = Debug|Any CPU
		{D68B15B0-B7AB-4A54-9925-3F9554DAA7A0}.Debug|x64.Build.0 = Debug|Any CPU
		{D68B15B0-B7AB-4A54-9925-3F9554DAA7A0}.Debug|x86.ActiveCfg = Debug|Any CPU
		{D68B15B0-B7AB-4A54-9925-3F9554DAA7A0}.Debug|x86.Build.0 = Debug|Any CPU
		{D68B15B0-B7AB-4A54-9925-3F9554DAA7A0}.Release|Any CPU.ActiveCfg = Release|Any CPU
		{D68B15B0-B7AB-4A54-9925-3F9554DAA7A0}.Release|Any CPU.Build.0 = Release|Any CPU
		{D68B15B0-B7AB-4A54-9925-3F9554DAA7A0}.Release|ARM.ActiveCfg = Release|Any CPU
		{D68B15B0-B7AB-4A54-9925-3F9554DAA7A0}.Release|ARM.Build.0 = Release|Any CPU
		{D68B15B0-B7AB-4A54-9925-3F9554DAA7A0}.Release|x64.ActiveCfg = Release|Any CPU
		{D68B15B0-B7AB-4A54-9925-3F9554DAA7A0}.Release|x64.Build.0 = Release|Any CPU
		{D68B15B0-B7AB-4A54-9925-3F9554DAA7A0}.Release|x86.ActiveCfg = Release|Any CPU
		{D68B15B0-B7AB-4A54-9925-3F9554DAA7A0}.Release|x86.Build.0 = Release|Any CPU
		{74A74F73-F76A-40F1-9D73-6B8D4A143F91}.Debug|Any CPU.ActiveCfg = Debug|Any CPU
		{74A74F73-F76A-40F1-9D73-6B8D4A143F91}.Debug|Any CPU.Build.0 = Debug|Any CPU
		{74A74F73-F76A-40F1-9D73-6B8D4A143F91}.Debug|ARM.ActiveCfg = Debug|Any CPU
		{74A74F73-F76A-40F1-9D73-6B8D4A143F91}.Debug|ARM.Build.0 = Debug|Any CPU
		{74A74F73-F76A-40F1-9D73-6B8D4A143F91}.Debug|x64.ActiveCfg = Debug|Any CPU
		{74A74F73-F76A-40F1-9D73-6B8D4A143F91}.Debug|x64.Build.0 = Debug|Any CPU
		{74A74F73-F76A-40F1-9D73-6B8D4A143F91}.Debug|x86.ActiveCfg = Debug|Any CPU
		{74A74F73-F76A-40F1-9D73-6B8D4A143F91}.Debug|x86.Build.0 = Debug|Any CPU
		{74A74F73-F76A-40F1-9D73-6B8D4A143F91}.Release|Any CPU.ActiveCfg = Release|Any CPU
		{74A74F73-F76A-40F1-9D73-6B8D4A143F91}.Release|Any CPU.Build.0 = Release|Any CPU
		{74A74F73-F76A-40F1-9D73-6B8D4A143F91}.Release|ARM.ActiveCfg = Release|Any CPU
		{74A74F73-F76A-40F1-9D73-6B8D4A143F91}.Release|ARM.Build.0 = Release|Any CPU
		{74A74F73-F76A-40F1-9D73-6B8D4A143F91}.Release|x64.ActiveCfg = Release|Any CPU
		{74A74F73-F76A-40F1-9D73-6B8D4A143F91}.Release|x64.Build.0 = Release|Any CPU
		{74A74F73-F76A-40F1-9D73-6B8D4A143F91}.Release|x86.ActiveCfg = Release|Any CPU
		{74A74F73-F76A-40F1-9D73-6B8D4A143F91}.Release|x86.Build.0 = Release|Any CPU
		{F598D3EB-A33F-42A5-BEBC-E460046C4682}.Debug|Any CPU.ActiveCfg = Debug|Any CPU
		{F598D3EB-A33F-42A5-BEBC-E460046C4682}.Debug|Any CPU.Build.0 = Debug|Any CPU
		{F598D3EB-A33F-42A5-BEBC-E460046C4682}.Debug|ARM.ActiveCfg = Debug|Any CPU
		{F598D3EB-A33F-42A5-BEBC-E460046C4682}.Debug|ARM.Build.0 = Debug|Any CPU
		{F598D3EB-A33F-42A5-BEBC-E460046C4682}.Debug|x64.ActiveCfg = Debug|Any CPU
		{F598D3EB-A33F-42A5-BEBC-E460046C4682}.Debug|x64.Build.0 = Debug|Any CPU
		{F598D3EB-A33F-42A5-BEBC-E460046C4682}.Debug|x86.ActiveCfg = Debug|Any CPU
		{F598D3EB-A33F-42A5-BEBC-E460046C4682}.Debug|x86.Build.0 = Debug|Any CPU
		{F598D3EB-A33F-42A5-BEBC-E460046C4682}.Release|Any CPU.ActiveCfg = Release|Any CPU
		{F598D3EB-A33F-42A5-BEBC-E460046C4682}.Release|Any CPU.Build.0 = Release|Any CPU
		{F598D3EB-A33F-42A5-BEBC-E460046C4682}.Release|ARM.ActiveCfg = Release|Any CPU
		{F598D3EB-A33F-42A5-BEBC-E460046C4682}.Release|ARM.Build.0 = Release|Any CPU
		{F598D3EB-A33F-42A5-BEBC-E460046C4682}.Release|x64.ActiveCfg = Release|Any CPU
		{F598D3EB-A33F-42A5-BEBC-E460046C4682}.Release|x64.Build.0 = Release|Any CPU
		{F598D3EB-A33F-42A5-BEBC-E460046C4682}.Release|x86.ActiveCfg = Release|Any CPU
		{F598D3EB-A33F-42A5-BEBC-E460046C4682}.Release|x86.Build.0 = Release|Any CPU
		{4982C307-2FFB-4561-8A4A-E7E856A51DA6}.Debug|Any CPU.ActiveCfg = Debug|Any CPU
		{4982C307-2FFB-4561-8A4A-E7E856A51DA6}.Debug|Any CPU.Build.0 = Debug|Any CPU
		{4982C307-2FFB-4561-8A4A-E7E856A51DA6}.Debug|ARM.ActiveCfg = Debug|Any CPU
		{4982C307-2FFB-4561-8A4A-E7E856A51DA6}.Debug|ARM.Build.0 = Debug|Any CPU
		{4982C307-2FFB-4561-8A4A-E7E856A51DA6}.Debug|x64.ActiveCfg = Debug|Any CPU
		{4982C307-2FFB-4561-8A4A-E7E856A51DA6}.Debug|x64.Build.0 = Debug|Any CPU
		{4982C307-2FFB-4561-8A4A-E7E856A51DA6}.Debug|x86.ActiveCfg = Debug|Any CPU
		{4982C307-2FFB-4561-8A4A-E7E856A51DA6}.Debug|x86.Build.0 = Debug|Any CPU
		{4982C307-2FFB-4561-8A4A-E7E856A51DA6}.Release|Any CPU.ActiveCfg = Release|Any CPU
		{4982C307-2FFB-4561-8A4A-E7E856A51DA6}.Release|Any CPU.Build.0 = Release|Any CPU
		{4982C307-2FFB-4561-8A4A-E7E856A51DA6}.Release|ARM.ActiveCfg = Release|Any CPU
		{4982C307-2FFB-4561-8A4A-E7E856A51DA6}.Release|ARM.Build.0 = Release|Any CPU
		{4982C307-2FFB-4561-8A4A-E7E856A51DA6}.Release|x64.ActiveCfg = Release|Any CPU
		{4982C307-2FFB-4561-8A4A-E7E856A51DA6}.Release|x64.Build.0 = Release|Any CPU
		{4982C307-2FFB-4561-8A4A-E7E856A51DA6}.Release|x86.ActiveCfg = Release|Any CPU
		{4982C307-2FFB-4561-8A4A-E7E856A51DA6}.Release|x86.Build.0 = Release|Any CPU
		{D8AE4969-D915-4CCF-B406-392836A921F6}.Debug|Any CPU.ActiveCfg = Debug|Any CPU
		{D8AE4969-D915-4CCF-B406-392836A921F6}.Debug|Any CPU.Build.0 = Debug|Any CPU
		{D8AE4969-D915-4CCF-B406-392836A921F6}.Debug|ARM.ActiveCfg = Debug|Any CPU
		{D8AE4969-D915-4CCF-B406-392836A921F6}.Debug|ARM.Build.0 = Debug|Any CPU
		{D8AE4969-D915-4CCF-B406-392836A921F6}.Debug|x64.ActiveCfg = Debug|Any CPU
		{D8AE4969-D915-4CCF-B406-392836A921F6}.Debug|x64.Build.0 = Debug|Any CPU
		{D8AE4969-D915-4CCF-B406-392836A921F6}.Debug|x86.ActiveCfg = Debug|Any CPU
		{D8AE4969-D915-4CCF-B406-392836A921F6}.Debug|x86.Build.0 = Debug|Any CPU
		{D8AE4969-D915-4CCF-B406-392836A921F6}.Release|Any CPU.ActiveCfg = Release|Any CPU
		{D8AE4969-D915-4CCF-B406-392836A921F6}.Release|Any CPU.Build.0 = Release|Any CPU
		{D8AE4969-D915-4CCF-B406-392836A921F6}.Release|ARM.ActiveCfg = Release|Any CPU
		{D8AE4969-D915-4CCF-B406-392836A921F6}.Release|ARM.Build.0 = Release|Any CPU
		{D8AE4969-D915-4CCF-B406-392836A921F6}.Release|x64.ActiveCfg = Release|Any CPU
		{D8AE4969-D915-4CCF-B406-392836A921F6}.Release|x64.Build.0 = Release|Any CPU
		{D8AE4969-D915-4CCF-B406-392836A921F6}.Release|x86.ActiveCfg = Release|Any CPU
		{D8AE4969-D915-4CCF-B406-392836A921F6}.Release|x86.Build.0 = Release|Any CPU
		{4821D2CB-F6BF-42CB-9956-3A14D4D33C83}.Debug|Any CPU.ActiveCfg = Debug|Any CPU
		{4821D2CB-F6BF-42CB-9956-3A14D4D33C83}.Debug|Any CPU.Build.0 = Debug|Any CPU
		{4821D2CB-F6BF-42CB-9956-3A14D4D33C83}.Debug|ARM.ActiveCfg = Debug|Any CPU
		{4821D2CB-F6BF-42CB-9956-3A14D4D33C83}.Debug|ARM.Build.0 = Debug|Any CPU
		{4821D2CB-F6BF-42CB-9956-3A14D4D33C83}.Debug|x64.ActiveCfg = Debug|Any CPU
		{4821D2CB-F6BF-42CB-9956-3A14D4D33C83}.Debug|x64.Build.0 = Debug|Any CPU
		{4821D2CB-F6BF-42CB-9956-3A14D4D33C83}.Debug|x86.ActiveCfg = Debug|Any CPU
		{4821D2CB-F6BF-42CB-9956-3A14D4D33C83}.Debug|x86.Build.0 = Debug|Any CPU
		{4821D2CB-F6BF-42CB-9956-3A14D4D33C83}.Release|Any CPU.ActiveCfg = Release|Any CPU
		{4821D2CB-F6BF-42CB-9956-3A14D4D33C83}.Release|Any CPU.Build.0 = Release|Any CPU
		{4821D2CB-F6BF-42CB-9956-3A14D4D33C83}.Release|ARM.ActiveCfg = Release|Any CPU
		{4821D2CB-F6BF-42CB-9956-3A14D4D33C83}.Release|ARM.Build.0 = Release|Any CPU
		{4821D2CB-F6BF-42CB-9956-3A14D4D33C83}.Release|x64.ActiveCfg = Release|Any CPU
		{4821D2CB-F6BF-42CB-9956-3A14D4D33C83}.Release|x64.Build.0 = Release|Any CPU
		{4821D2CB-F6BF-42CB-9956-3A14D4D33C83}.Release|x86.ActiveCfg = Release|Any CPU
		{4821D2CB-F6BF-42CB-9956-3A14D4D33C83}.Release|x86.Build.0 = Release|Any CPU
		{6D192F06-FB6B-4B22-9637-6E56ED753556}.Debug|Any CPU.ActiveCfg = Debug|Any CPU
		{6D192F06-FB6B-4B22-9637-6E56ED753556}.Debug|Any CPU.Build.0 = Debug|Any CPU
		{6D192F06-FB6B-4B22-9637-6E56ED753556}.Debug|ARM.ActiveCfg = Debug|Any CPU
		{6D192F06-FB6B-4B22-9637-6E56ED753556}.Debug|ARM.Build.0 = Debug|Any CPU
		{6D192F06-FB6B-4B22-9637-6E56ED753556}.Debug|x64.ActiveCfg = Debug|Any CPU
		{6D192F06-FB6B-4B22-9637-6E56ED753556}.Debug|x64.Build.0 = Debug|Any CPU
		{6D192F06-FB6B-4B22-9637-6E56ED753556}.Debug|x86.ActiveCfg = Debug|Any CPU
		{6D192F06-FB6B-4B22-9637-6E56ED753556}.Debug|x86.Build.0 = Debug|Any CPU
		{6D192F06-FB6B-4B22-9637-6E56ED753556}.Release|Any CPU.ActiveCfg = Release|Any CPU
		{6D192F06-FB6B-4B22-9637-6E56ED753556}.Release|Any CPU.Build.0 = Release|Any CPU
		{6D192F06-FB6B-4B22-9637-6E56ED753556}.Release|ARM.ActiveCfg = Release|Any CPU
		{6D192F06-FB6B-4B22-9637-6E56ED753556}.Release|ARM.Build.0 = Release|Any CPU
		{6D192F06-FB6B-4B22-9637-6E56ED753556}.Release|x64.ActiveCfg = Release|Any CPU
		{6D192F06-FB6B-4B22-9637-6E56ED753556}.Release|x64.Build.0 = Release|Any CPU
		{6D192F06-FB6B-4B22-9637-6E56ED753556}.Release|x86.ActiveCfg = Release|Any CPU
		{6D192F06-FB6B-4B22-9637-6E56ED753556}.Release|x86.Build.0 = Release|Any CPU
		{3ED9C802-AFE4-4145-A2C5-39F267A8D6CA}.Debug|Any CPU.ActiveCfg = Debug|Any CPU
		{3ED9C802-AFE4-4145-A2C5-39F267A8D6CA}.Debug|Any CPU.Build.0 = Debug|Any CPU
		{3ED9C802-AFE4-4145-A2C5-39F267A8D6CA}.Debug|ARM.ActiveCfg = Debug|Any CPU
		{3ED9C802-AFE4-4145-A2C5-39F267A8D6CA}.Debug|ARM.Build.0 = Debug|Any CPU
		{3ED9C802-AFE4-4145-A2C5-39F267A8D6CA}.Debug|x64.ActiveCfg = Debug|Any CPU
		{3ED9C802-AFE4-4145-A2C5-39F267A8D6CA}.Debug|x64.Build.0 = Debug|Any CPU
		{3ED9C802-AFE4-4145-A2C5-39F267A8D6CA}.Debug|x86.ActiveCfg = Debug|Any CPU
		{3ED9C802-AFE4-4145-A2C5-39F267A8D6CA}.Debug|x86.Build.0 = Debug|Any CPU
		{3ED9C802-AFE4-4145-A2C5-39F267A8D6CA}.Release|Any CPU.ActiveCfg = Release|Any CPU
		{3ED9C802-AFE4-4145-A2C5-39F267A8D6CA}.Release|Any CPU.Build.0 = Release|Any CPU
		{3ED9C802-AFE4-4145-A2C5-39F267A8D6CA}.Release|ARM.ActiveCfg = Release|Any CPU
		{3ED9C802-AFE4-4145-A2C5-39F267A8D6CA}.Release|ARM.Build.0 = Release|Any CPU
		{3ED9C802-AFE4-4145-A2C5-39F267A8D6CA}.Release|x64.ActiveCfg = Release|Any CPU
		{3ED9C802-AFE4-4145-A2C5-39F267A8D6CA}.Release|x64.Build.0 = Release|Any CPU
		{3ED9C802-AFE4-4145-A2C5-39F267A8D6CA}.Release|x86.ActiveCfg = Release|Any CPU
		{3ED9C802-AFE4-4145-A2C5-39F267A8D6CA}.Release|x86.Build.0 = Release|Any CPU
		{37980107-749E-478C-A1A2-F0D7D7614D5A}.Debug|Any CPU.ActiveCfg = Debug|Any CPU
		{37980107-749E-478C-A1A2-F0D7D7614D5A}.Debug|Any CPU.Build.0 = Debug|Any CPU
		{37980107-749E-478C-A1A2-F0D7D7614D5A}.Debug|ARM.ActiveCfg = Debug|Any CPU
		{37980107-749E-478C-A1A2-F0D7D7614D5A}.Debug|ARM.Build.0 = Debug|Any CPU
		{37980107-749E-478C-A1A2-F0D7D7614D5A}.Debug|x64.ActiveCfg = Debug|Any CPU
		{37980107-749E-478C-A1A2-F0D7D7614D5A}.Debug|x64.Build.0 = Debug|Any CPU
		{37980107-749E-478C-A1A2-F0D7D7614D5A}.Debug|x86.ActiveCfg = Debug|Any CPU
		{37980107-749E-478C-A1A2-F0D7D7614D5A}.Debug|x86.Build.0 = Debug|Any CPU
		{37980107-749E-478C-A1A2-F0D7D7614D5A}.Release|Any CPU.ActiveCfg = Release|Any CPU
		{37980107-749E-478C-A1A2-F0D7D7614D5A}.Release|Any CPU.Build.0 = Release|Any CPU
		{37980107-749E-478C-A1A2-F0D7D7614D5A}.Release|ARM.ActiveCfg = Release|Any CPU
		{37980107-749E-478C-A1A2-F0D7D7614D5A}.Release|ARM.Build.0 = Release|Any CPU
		{37980107-749E-478C-A1A2-F0D7D7614D5A}.Release|x64.ActiveCfg = Release|Any CPU
		{37980107-749E-478C-A1A2-F0D7D7614D5A}.Release|x64.Build.0 = Release|Any CPU
		{37980107-749E-478C-A1A2-F0D7D7614D5A}.Release|x86.ActiveCfg = Release|Any CPU
		{37980107-749E-478C-A1A2-F0D7D7614D5A}.Release|x86.Build.0 = Release|Any CPU
		{62A638EA-9A81-4FBF-83E0-AA57D04BACC8}.Debug|Any CPU.ActiveCfg = Debug|Any CPU
		{62A638EA-9A81-4FBF-83E0-AA57D04BACC8}.Debug|Any CPU.Build.0 = Debug|Any CPU
		{62A638EA-9A81-4FBF-83E0-AA57D04BACC8}.Debug|ARM.ActiveCfg = Debug|Any CPU
		{62A638EA-9A81-4FBF-83E0-AA57D04BACC8}.Debug|ARM.Build.0 = Debug|Any CPU
		{62A638EA-9A81-4FBF-83E0-AA57D04BACC8}.Debug|x64.ActiveCfg = Debug|Any CPU
		{62A638EA-9A81-4FBF-83E0-AA57D04BACC8}.Debug|x64.Build.0 = Debug|Any CPU
		{62A638EA-9A81-4FBF-83E0-AA57D04BACC8}.Debug|x86.ActiveCfg = Debug|Any CPU
		{62A638EA-9A81-4FBF-83E0-AA57D04BACC8}.Debug|x86.Build.0 = Debug|Any CPU
		{62A638EA-9A81-4FBF-83E0-AA57D04BACC8}.Release|Any CPU.ActiveCfg = Release|Any CPU
		{62A638EA-9A81-4FBF-83E0-AA57D04BACC8}.Release|Any CPU.Build.0 = Release|Any CPU
		{62A638EA-9A81-4FBF-83E0-AA57D04BACC8}.Release|ARM.ActiveCfg = Release|Any CPU
		{62A638EA-9A81-4FBF-83E0-AA57D04BACC8}.Release|ARM.Build.0 = Release|Any CPU
		{62A638EA-9A81-4FBF-83E0-AA57D04BACC8}.Release|x64.ActiveCfg = Release|Any CPU
		{62A638EA-9A81-4FBF-83E0-AA57D04BACC8}.Release|x64.Build.0 = Release|Any CPU
		{62A638EA-9A81-4FBF-83E0-AA57D04BACC8}.Release|x86.ActiveCfg = Release|Any CPU
		{62A638EA-9A81-4FBF-83E0-AA57D04BACC8}.Release|x86.Build.0 = Release|Any CPU
		{7615D809-4E95-4637-A592-52670ECB5E70}.Debug|Any CPU.ActiveCfg = Debug|Any CPU
		{7615D809-4E95-4637-A592-52670ECB5E70}.Debug|Any CPU.Build.0 = Debug|Any CPU
		{7615D809-4E95-4637-A592-52670ECB5E70}.Debug|ARM.ActiveCfg = Debug|Any CPU
		{7615D809-4E95-4637-A592-52670ECB5E70}.Debug|ARM.Build.0 = Debug|Any CPU
		{7615D809-4E95-4637-A592-52670ECB5E70}.Debug|x64.ActiveCfg = Debug|Any CPU
		{7615D809-4E95-4637-A592-52670ECB5E70}.Debug|x64.Build.0 = Debug|Any CPU
		{7615D809-4E95-4637-A592-52670ECB5E70}.Debug|x86.ActiveCfg = Debug|Any CPU
		{7615D809-4E95-4637-A592-52670ECB5E70}.Debug|x86.Build.0 = Debug|Any CPU
		{7615D809-4E95-4637-A592-52670ECB5E70}.Release|Any CPU.ActiveCfg = Release|Any CPU
		{7615D809-4E95-4637-A592-52670ECB5E70}.Release|Any CPU.Build.0 = Release|Any CPU
		{7615D809-4E95-4637-A592-52670ECB5E70}.Release|ARM.ActiveCfg = Release|Any CPU
		{7615D809-4E95-4637-A592-52670ECB5E70}.Release|ARM.Build.0 = Release|Any CPU
		{7615D809-4E95-4637-A592-52670ECB5E70}.Release|x64.ActiveCfg = Release|Any CPU
		{7615D809-4E95-4637-A592-52670ECB5E70}.Release|x64.Build.0 = Release|Any CPU
		{7615D809-4E95-4637-A592-52670ECB5E70}.Release|x86.ActiveCfg = Release|Any CPU
		{7615D809-4E95-4637-A592-52670ECB5E70}.Release|x86.Build.0 = Release|Any CPU
		{0A123E18-0244-44FA-A570-C640B9386B8A}.Debug|Any CPU.ActiveCfg = Debug|Any CPU
		{0A123E18-0244-44FA-A570-C640B9386B8A}.Debug|Any CPU.Build.0 = Debug|Any CPU
		{0A123E18-0244-44FA-A570-C640B9386B8A}.Debug|ARM.ActiveCfg = Debug|Any CPU
		{0A123E18-0244-44FA-A570-C640B9386B8A}.Debug|ARM.Build.0 = Debug|Any CPU
		{0A123E18-0244-44FA-A570-C640B9386B8A}.Debug|x64.ActiveCfg = Debug|Any CPU
		{0A123E18-0244-44FA-A570-C640B9386B8A}.Debug|x64.Build.0 = Debug|Any CPU
		{0A123E18-0244-44FA-A570-C640B9386B8A}.Debug|x86.ActiveCfg = Debug|Any CPU
		{0A123E18-0244-44FA-A570-C640B9386B8A}.Debug|x86.Build.0 = Debug|Any CPU
		{0A123E18-0244-44FA-A570-C640B9386B8A}.Release|Any CPU.ActiveCfg = Release|Any CPU
		{0A123E18-0244-44FA-A570-C640B9386B8A}.Release|Any CPU.Build.0 = Release|Any CPU
		{0A123E18-0244-44FA-A570-C640B9386B8A}.Release|ARM.ActiveCfg = Release|Any CPU
		{0A123E18-0244-44FA-A570-C640B9386B8A}.Release|ARM.Build.0 = Release|Any CPU
		{0A123E18-0244-44FA-A570-C640B9386B8A}.Release|x64.ActiveCfg = Release|Any CPU
		{0A123E18-0244-44FA-A570-C640B9386B8A}.Release|x64.Build.0 = Release|Any CPU
		{0A123E18-0244-44FA-A570-C640B9386B8A}.Release|x86.ActiveCfg = Release|Any CPU
		{0A123E18-0244-44FA-A570-C640B9386B8A}.Release|x86.Build.0 = Release|Any CPU
		{8655ACD4-A9B3-42FE-A2B9-5FAD707ACCD5}.Debug|Any CPU.ActiveCfg = Debug|Any CPU
		{8655ACD4-A9B3-42FE-A2B9-5FAD707ACCD5}.Debug|Any CPU.Build.0 = Debug|Any CPU
		{8655ACD4-A9B3-42FE-A2B9-5FAD707ACCD5}.Debug|ARM.ActiveCfg = Debug|Any CPU
		{8655ACD4-A9B3-42FE-A2B9-5FAD707ACCD5}.Debug|ARM.Build.0 = Debug|Any CPU
		{8655ACD4-A9B3-42FE-A2B9-5FAD707ACCD5}.Debug|x64.ActiveCfg = Debug|Any CPU
		{8655ACD4-A9B3-42FE-A2B9-5FAD707ACCD5}.Debug|x64.Build.0 = Debug|Any CPU
		{8655ACD4-A9B3-42FE-A2B9-5FAD707ACCD5}.Debug|x86.ActiveCfg = Debug|Any CPU
		{8655ACD4-A9B3-42FE-A2B9-5FAD707ACCD5}.Debug|x86.Build.0 = Debug|Any CPU
		{8655ACD4-A9B3-42FE-A2B9-5FAD707ACCD5}.Release|Any CPU.ActiveCfg = Release|Any CPU
		{8655ACD4-A9B3-42FE-A2B9-5FAD707ACCD5}.Release|Any CPU.Build.0 = Release|Any CPU
		{8655ACD4-A9B3-42FE-A2B9-5FAD707ACCD5}.Release|ARM.ActiveCfg = Release|Any CPU
		{8655ACD4-A9B3-42FE-A2B9-5FAD707ACCD5}.Release|ARM.Build.0 = Release|Any CPU
		{8655ACD4-A9B3-42FE-A2B9-5FAD707ACCD5}.Release|x64.ActiveCfg = Release|Any CPU
		{8655ACD4-A9B3-42FE-A2B9-5FAD707ACCD5}.Release|x64.Build.0 = Release|Any CPU
		{8655ACD4-A9B3-42FE-A2B9-5FAD707ACCD5}.Release|x86.ActiveCfg = Release|Any CPU
		{8655ACD4-A9B3-42FE-A2B9-5FAD707ACCD5}.Release|x86.Build.0 = Release|Any CPU
		{3D5A2F38-5646-4B1F-BC9C-D7B55AF90CFF}.Debug|Any CPU.ActiveCfg = Debug|Any CPU
		{3D5A2F38-5646-4B1F-BC9C-D7B55AF90CFF}.Debug|Any CPU.Build.0 = Debug|Any CPU
		{3D5A2F38-5646-4B1F-BC9C-D7B55AF90CFF}.Debug|ARM.ActiveCfg = Debug|Any CPU
		{3D5A2F38-5646-4B1F-BC9C-D7B55AF90CFF}.Debug|ARM.Build.0 = Debug|Any CPU
		{3D5A2F38-5646-4B1F-BC9C-D7B55AF90CFF}.Debug|x64.ActiveCfg = Debug|Any CPU
		{3D5A2F38-5646-4B1F-BC9C-D7B55AF90CFF}.Debug|x64.Build.0 = Debug|Any CPU
		{3D5A2F38-5646-4B1F-BC9C-D7B55AF90CFF}.Debug|x86.ActiveCfg = Debug|Any CPU
		{3D5A2F38-5646-4B1F-BC9C-D7B55AF90CFF}.Debug|x86.Build.0 = Debug|Any CPU
		{3D5A2F38-5646-4B1F-BC9C-D7B55AF90CFF}.Release|Any CPU.ActiveCfg = Release|Any CPU
		{3D5A2F38-5646-4B1F-BC9C-D7B55AF90CFF}.Release|Any CPU.Build.0 = Release|Any CPU
		{3D5A2F38-5646-4B1F-BC9C-D7B55AF90CFF}.Release|ARM.ActiveCfg = Release|Any CPU
		{3D5A2F38-5646-4B1F-BC9C-D7B55AF90CFF}.Release|ARM.Build.0 = Release|Any CPU
		{3D5A2F38-5646-4B1F-BC9C-D7B55AF90CFF}.Release|x64.ActiveCfg = Release|Any CPU
		{3D5A2F38-5646-4B1F-BC9C-D7B55AF90CFF}.Release|x64.Build.0 = Release|Any CPU
		{3D5A2F38-5646-4B1F-BC9C-D7B55AF90CFF}.Release|x86.ActiveCfg = Release|Any CPU
		{3D5A2F38-5646-4B1F-BC9C-D7B55AF90CFF}.Release|x86.Build.0 = Release|Any CPU
	EndGlobalSection
	GlobalSection(SolutionProperties) = preSolution
		HideSolutionNode = FALSE
	EndGlobalSection
	GlobalSection(ExtensibilityGlobals) = postSolution
		SolutionGuid = {8CB7510B-51E8-41FF-ABFE-2D19A310D3C1}
	EndGlobalSection
EndGlobal
