
Microsoft Visual Studio Solution File, Format Version 12.00
# Visual Studio Version 16
VisualStudioVersion = 16.0.30128.74
MinimumVisualStudioVersion = 10.0.40219.1
Project("{FAE04EC0-301F-11D3-BF4B-00C04F79EFBC}") = "SensateIoT.Platform.Network.Contracts", "SensateIoT.Platform.Network.Contracts\SensateIoT.Platform.Network.Contracts.csproj", "{6BD51202-2FD5-4E6E-9BAA-6239E2C2E9D7}"
EndProject
Project("{2150E333-8FDC-42A3-9474-1A3956D46DE8}") = "SensateIoT.Platform.Network.Database", "SensateIoT.Platform.Network.Database", "{BDB01793-EB03-47FA-B4BE-DB29A55DCB78}"
EndProject
Project("{2150E333-8FDC-42A3-9474-1A3956D46DE8}") = "Tables", "Tables", "{9BC72E22-368E-439B-9FDB-BCB754554D67}"
EndProject
Project("{2150E333-8FDC-42A3-9474-1A3956D46DE8}") = "Triggers", "Triggers", "{EF31D057-AB3D-413E-B383-25CB53545522}"
EndProject
Project("{2150E333-8FDC-42A3-9474-1A3956D46DE8}") = "Functions", "Functions", "{2BC79829-3F73-43D8-987A-68E72A2F56AA}"
EndProject
Project("{2150E333-8FDC-42A3-9474-1A3956D46DE8}") = "Solution Items", "Solution Items", "{E0A0D3A9-F17C-4D4B-9C03-698C53ABCDB3}"
	ProjectSection(SolutionItems) = preProject
		.dockerignore = .dockerignore
		.editorconfig = .editorconfig
		CHANGELOG.md = CHANGELOG.md
	EndProjectSection
EndProject
Global
	GlobalSection(SolutionConfigurationPlatforms) = preSolution
		Debug|Any CPU = Debug|Any CPU
		Release|Any CPU = Release|Any CPU
	EndGlobalSection
	GlobalSection(ProjectConfigurationPlatforms) = postSolution
		{6BD51202-2FD5-4E6E-9BAA-6239E2C2E9D7}.Debug|Any CPU.ActiveCfg = Debug|Any CPU
		{6BD51202-2FD5-4E6E-9BAA-6239E2C2E9D7}.Debug|Any CPU.Build.0 = Debug|Any CPU
		{6BD51202-2FD5-4E6E-9BAA-6239E2C2E9D7}.Release|Any CPU.ActiveCfg = Release|Any CPU
		{6BD51202-2FD5-4E6E-9BAA-6239E2C2E9D7}.Release|Any CPU.Build.0 = Release|Any CPU
	EndGlobalSection
	GlobalSection(SolutionProperties) = preSolution
		HideSolutionNode = FALSE
	EndGlobalSection
	GlobalSection(NestedProjects) = preSolution
		{9BC72E22-368E-439B-9FDB-BCB754554D67} = {BDB01793-EB03-47FA-B4BE-DB29A55DCB78}
		{EF31D057-AB3D-413E-B383-25CB53545522} = {BDB01793-EB03-47FA-B4BE-DB29A55DCB78}
		{2BC79829-3F73-43D8-987A-68E72A2F56AA} = {BDB01793-EB03-47FA-B4BE-DB29A55DCB78}
	EndGlobalSection
	GlobalSection(ExtensibilityGlobals) = postSolution
		SolutionGuid = {7436C576-E465-4291-A0C2-5D4C9C6F706F}
	EndGlobalSection
EndGlobal
