
Microsoft Visual Studio Solution File, Format Version 12.00
# Visual Studio Version 16
VisualStudioVersion = 16.0.30709.132
MinimumVisualStudioVersion = 10.0.40219.1
Project("{9A19103F-16F7-4668-BE54-9A1E7A4F7556}") = "SensateIoT.Common.Caching", "SensateIoT.Common.Caching\SensateIoT.Common.Caching.csproj", "{C09BFB6F-8029-4218-8FB2-7275824BEDEE}"
EndProject
Project("{9A19103F-16F7-4668-BE54-9A1E7A4F7556}") = "SensateIoT.Common.Caching.LoadTest", "SensateIoT.Common.Caching.LoadTest\SensateIoT.Common.Caching.LoadTest.csproj", "{FA0A516E-15D8-4F66-9BFD-971FA958990F}"
EndProject
Project("{9A19103F-16F7-4668-BE54-9A1E7A4F7556}") = "SensateIoT.Common.Caching.Tests", "SensateIoT.Common.Caching.Tests\SensateIoT.Common.Caching.Tests.csproj", "{94D8E796-CED2-4D97-B3BC-1D68D4764C29}"
EndProject
Project("{2150E333-8FDC-42A3-9474-1A3956D46DE8}") = "Build Automation", "Build Automation", "{7C247F12-B7C3-42A4-A1E0-5AA3301ACEF5}"
	ProjectSection(SolutionItems) = preProject
		..\.github\workflows\dotnet-format.yml = ..\.github\workflows\dotnet-format.yml
		..\.github\workflows\unittest-memorycache.yml = ..\.github\workflows\unittest-memorycache.yml
	EndProjectSection
EndProject
Global
	GlobalSection(SolutionConfigurationPlatforms) = preSolution
		Debug|Any CPU = Debug|Any CPU
		Release|Any CPU = Release|Any CPU
	EndGlobalSection
	GlobalSection(ProjectConfigurationPlatforms) = postSolution
		{C09BFB6F-8029-4218-8FB2-7275824BEDEE}.Debug|Any CPU.ActiveCfg = Debug|Any CPU
		{C09BFB6F-8029-4218-8FB2-7275824BEDEE}.Debug|Any CPU.Build.0 = Debug|Any CPU
		{C09BFB6F-8029-4218-8FB2-7275824BEDEE}.Release|Any CPU.ActiveCfg = Release|Any CPU
		{C09BFB6F-8029-4218-8FB2-7275824BEDEE}.Release|Any CPU.Build.0 = Release|Any CPU
		{FA0A516E-15D8-4F66-9BFD-971FA958990F}.Debug|Any CPU.ActiveCfg = Debug|Any CPU
		{FA0A516E-15D8-4F66-9BFD-971FA958990F}.Debug|Any CPU.Build.0 = Debug|Any CPU
		{FA0A516E-15D8-4F66-9BFD-971FA958990F}.Release|Any CPU.ActiveCfg = Release|Any CPU
		{FA0A516E-15D8-4F66-9BFD-971FA958990F}.Release|Any CPU.Build.0 = Release|Any CPU
		{94D8E796-CED2-4D97-B3BC-1D68D4764C29}.Debug|Any CPU.ActiveCfg = Debug|Any CPU
		{94D8E796-CED2-4D97-B3BC-1D68D4764C29}.Debug|Any CPU.Build.0 = Debug|Any CPU
		{94D8E796-CED2-4D97-B3BC-1D68D4764C29}.Release|Any CPU.ActiveCfg = Release|Any CPU
		{94D8E796-CED2-4D97-B3BC-1D68D4764C29}.Release|Any CPU.Build.0 = Release|Any CPU
	EndGlobalSection
	GlobalSection(SolutionProperties) = preSolution
		HideSolutionNode = FALSE
	EndGlobalSection
	GlobalSection(ExtensibilityGlobals) = postSolution
		SolutionGuid = {B4B53414-526D-48DF-8DDF-A0FFA8EEE448}
	EndGlobalSection
EndGlobal
